{
  "name": "backend1",
  "version": "1.0.0",
  "lockfileVersion": 1,
  "requires": true,
  "dependencies": {
    "@types/node": {
      "version": "16.0.0",
      "resolved": "https://registry.npmjs.org/@types/node/-/node-16.0.0.tgz",
      "integrity": "sha512-TmCW5HoZ2o2/z2EYi109jLqIaPIi9y/lc2LmDCWzuCi35bcaQ+OtUh6nwBiFK7SOu25FAU5+YKdqFZUwtqGSdg==",
      "dev": true
    },
    "tstl": {
      "version": "2.4.21",
      "resolved": "https://registry.npmjs.org/tstl/-/tstl-2.4.21.tgz",
      "integrity": "sha512-zGqMXW9KOqKD9RBw7eDTaFr2SCiblProj7qmEvJY04S9y9O//5xooWJ8qHeimu4QRcDyDc+7yZBd8oaUpMfYQg=="
    }
  }
}
